// !$*UTF8*$!
{
	archiveVersion = 1;
	classes = {
	};
	objectVersion = 77;
	objects = {

/* Begin PBXBuildFile section */
		CF0A185A2D947286002BB2CD /* TimetableGridView.swift in Sources */ = {isa = PBXBuildFile; fileRef = CF0A18592D947286002BB2CD /* TimetableGridView.swift */; };
/* End PBXBuildFile section */

/* Begin PBXContainerItemProxy section */
		CF7725802D946E25002547FF /* PBXContainerItemProxy */ = {
			isa = PBXContainerItemProxy;
			containerPortal = CF7725672D946E1A002547FF /* Project object */;
			proxyType = 1;
			remoteGlobalIDString = CF77256E2D946E1A002547FF;
			remoteInfo = "Y Timetable";
		};
		CF77258A2D946E25002547FF /* PBXContainerItemProxy */ = {
			isa = PBXContainerItemProxy;
			containerPortal = CF7725672D946E1A002547FF /* Project object */;
			proxyType = 1;
			remoteGlobalIDString = CF77256E2D946E1A002547FF;
			remoteInfo = "Y Timetable";
		};
/* End PBXContainerItemProxy section */

/* Begin PBXFileReference section */
		CF0A18592D947286002BB2CD /* TimetableGridView.swift */ = {isa = PBXFileReference; lastKnownFileType = sourcecode.swift; path = TimetableGridView.swift; sourceTree = "<group>"; };
		CF77256F2D946E1A002547FF /* Y Timetable.app */ = {isa = PBXFileReference; explicitFileType = wrapper.application; includeInIndex = 0; path = "Y Timetable.app"; sourceTree = BUILT_PRODUCTS_DIR; };
		CF77257F2D946E25002547FF /* Y TimetableTests.xctest */ = {isa = PBXFileReference; explicitFileType = wrapper.cfbundle; includeInIndex = 0; path = "Y TimetableTests.xctest"; sourceTree = BUILT_PRODUCTS_DIR; };
		CF7725892D946E25002547FF /* Y TimetableUITests.xctest */ = {isa = PBXFileReference; explicitFileType = wrapper.cfbundle; includeInIndex = 0; path = "Y TimetableUITests.xctest"; sourceTree = BUILT_PRODUCTS_DIR; };
/* End PBXFileReference section */

/* Begin PBXFileSystemSynchronizedRootGroup section */
		CF7725712D946E1A002547FF /* Y Timetable */ = {
			isa = PBXFileSystemSynchronizedRootGroup;
			path = "Y Timetable";
			sourceTree = "<group>";
		};
		CF7725822D946E25002547FF /* Y TimetableTests */ = {
			isa = PBXFileSystemSynchronizedRootGroup;
			path = "Y TimetableTests";
			sourceTree = "<group>";
		};
		CF77258C2D946E25002547FF /* Y TimetableUITests */ = {
			isa = PBXFileSystemSynchronizedRootGroup;
			path = "Y TimetableUITests";
			sourceTree = "<group>";
		};
/* End PBXFileSystemSynchronizedRootGroup section */

/* Begin PBXFrameworksBuildPhase section */
		CF77256C2D946E1A002547FF /* Frameworks */ = {
			isa = PBXFrameworksBuildPhase;
			buildActionMask = 2147483647;
			files = (
			);
			runOnlyForDeploymentPostprocessing = 0;
		};
		CF77257C2D946E25002547FF /* Frameworks */ = {
			isa = PBXFrameworksBuildPhase;
			buildActionMask = 2147483647;
			files = (
			);
			runOnlyForDeploymentPostprocessing = 0;
		};
		CF7725862D946E25002547FF /* Frameworks */ = {
			isa = PBXFrameworksBuildPhase;
			buildActionMask = 2147483647;
			files = (
			);
			runOnlyForDeploymentPostprocessing = 0;
		};
/* End PBXFrameworksBuildPhase section */

/* Begin PBXGroup section */
		CF7725662D946E1A002547FF = {
			isa = PBXGroup;
			children = (
				CF7725712D946E1A002547FF /* Y Timetable */,
				CF0A18592D947286002BB2CD /* TimetableGridView.swift */,
				CF7725822D946E25002547FF /* Y TimetableTests */,
				CF77258C2D946E25002547FF /* Y TimetableUITests */,
				CF7725702D946E1A002547FF /* Products */,
			);
			sourceTree = "<group>";
		};
		CF7725702D946E1A002547FF /* Products */ = {
			isa = PBXGroup;
			children = (
				CF77256F2D946E1A002547FF /* Y Timetable.app */,
				CF77257F2D946E25002547FF /* Y TimetableTests.xctest */,
				CF7725892D946E25002547FF /* Y TimetableUITests.xctest */,
			);
			name = Products;
			sourceTree = "<group>";
		};
/* End PBXGroup section */

/* Begin PBXNativeTarget section */
		CF77256E2D946E1A002547FF /* Y Timetable */ = {
			isa = PBXNativeTarget;
			buildConfigurationList = CF7725932D946E25002547FF /* Build configuration list for PBXNativeTarget "Y Timetable" */;
			buildPhases = (
				CF77256B2D946E1A002547FF /* Sources */,
				CF77256C2D946E1A002547FF /* Frameworks */,
				CF77256D2D946E1A002547FF /* Resources */,
			);
			buildRules = (
			);
			dependencies = (
			);
			fileSystemSynchronizedGroups = (
				CF7725712D946E1A002547FF /* Y Timetable */,
			);
			name = "Y Timetable";
			packageProductDependencies = (
			);
			productName = "Y Timetable";
			productReference = CF77256F2D946E1A002547FF /* Y Timetable.app */;
			productType = "com.apple.product-type.application";
		};
		CF77257E2D946E25002547FF /* Y TimetableTests */ = {
			isa = PBXNativeTarget;
			buildConfigurationList = CF7725962D946E25002547FF /* Build configuration list for PBXNativeTarget "Y TimetableTests" */;
			buildPhases = (
				CF77257B2D946E25002547FF /* Sources */,
				CF77257C2D946E25002547FF /* Frameworks */,
				CF77257D2D946E25002547FF /* Resources */,
			);
			buildRules = (
			);
			dependencies = (
				CF7725812D946E25002547FF /* PBXTargetDependency */,
			);
			fileSystemSynchronizedGroups = (
				CF7725822D946E25002547FF /* Y TimetableTests */,
			);
			name = "Y TimetableTests";
			packageProductDependencies = (
			);
			productName = "Y TimetableTests";
			productReference = CF77257F2D946E25002547FF /* Y TimetableTests.xctest */;
			productType = "com.apple.product-type.bundle.unit-test";
		};
		CF7725882D946E25002547FF /* Y TimetableUITests */ = {
			isa = PBXNativeTarget;
			buildConfigurationList = CF7725992D946E25002547FF /* Build configuration list for PBXNativeTarget "Y TimetableUITests" */;
			buildPhases = (
				CF7725852D946E25002547FF /* Sources */,
				CF7725862D946E25002547FF /* Frameworks */,
				CF7725872D946E25002547FF /* Resources */,
			);
			buildRules = (
			);
			dependencies = (
				CF77258B2D946E25002547FF /* PBXTargetDependency */,
			);
			fileSystemSynchronizedGroups = (
				CF77258C2D946E25002547FF /* Y TimetableUITests */,
			);
			name = "Y TimetableUITests";
			packageProductDependencies = (
			);
			productName = "Y TimetableUITests";
			productReference = CF7725892D946E25002547FF /* Y TimetableUITests.xctest */;
			productType = "com.apple.product-type.bundle.ui-testing";
		};
/* End PBXNativeTarget section */

/* Begin PBXProject section */
		CF7725672D946E1A002547FF /* Project object */ = {
			isa = PBXProject;
			attributes = {
				BuildIndependentTargetsInParallel = 1;
				LastSwiftUpdateCheck = 1610;
				LastUpgradeCheck = 1610;
				TargetAttributes = {
					CF77256E2D946E1A002547FF = {
						CreatedOnToolsVersion = 16.1;
					};
					CF77257E2D946E25002547FF = {
						CreatedOnToolsVersion = 16.1;
						TestTargetID = CF77256E2D946E1A002547FF;
					};
					CF7725882D946E25002547FF = {
						CreatedOnToolsVersion = 16.1;
						TestTargetID = CF77256E2D946E1A002547FF;
					};
				};
			};
			buildConfigurationList = CF77256A2D946E1A002547FF /* Build configuration list for PBXProject "Y Timetable" */;
			developmentRegion = en;
			hasScannedForEncodings = 0;
			knownRegions = (
				en,
				Base,
			);
			mainGroup = CF7725662D946E1A002547FF;
			minimizedProjectReferenceProxies = 1;
			preferredProjectObjectVersion = 77;
			productRefGroup = CF7725702D946E1A002547FF /* Products */;
			projectDirPath = "";
			projectRoot = "";
			targets = (
				CF77256E2D946E1A002547FF /* Y Timetable */,
				CF77257E2D946E25002547FF /* Y TimetableTests */,
				CF7725882D946E25002547FF /* Y TimetableUITests */,
			);
		};
/* End PBXProject section */

/* Begin PBXResourcesBuildPhase section */
		CF77256D2D946E1A002547FF /* Resources */ = {
			isa = PBXResourcesBuildPhase;
			buildActionMask = 2147483647;
			files = (
			);
			runOnlyForDeploymentPostprocessing = 0;
		};
		CF77257D2D946E25002547FF /* Resources */ = {
			isa = PBXResourcesBuildPhase;
			buildActionMask = 2147483647;
			files = (
			);
			runOnlyForDeploymentPostprocessing = 0;
		};
		CF7725872D946E25002547FF /* Resources */ = {
			isa = PBXResourcesBuildPhase;
			buildActionMask = 2147483647;
			files = (
			);
			runOnlyForDeploymentPostprocessing = 0;
		};
/* End PBXResourcesBuildPhase section */

/* Begin PBXSourcesBuildPhase section */
		CF77256B2D946E1A002547FF /* Sources */ = {
			isa = PBXSourcesBuildPhase;
			buildActionMask = 2147483647;
			files = (
				CF0A185A2D947286002BB2CD /* TimetableGridView.swift in Sources */,
			);
			runOnlyForDeploymentPostprocessing = 0;
		};
		CF77257B2D946E25002547FF /* Sources */ = {
			isa = PBXSourcesBuildPhase;
			buildActionMask = 2147483647;
			files = (
			);
			runOnlyForDeploymentPostprocessing = 0;
		};
		CF7725852D946E25002547FF /* Sources */ = {
			isa = PBXSourcesBuildPhase;
			buildActionMask = 2147483647;
			files = (
			);
			runOnlyForDeploymentPostprocessing = 0;
		};
/* End PBXSourcesBuildPhase section */

/* Begin PBXTargetDependency section */
		CF7725812D946E25002547FF /* PBXTargetDependency */ = {
			isa = PBXTargetDependency;
			target = CF77256E2D946E1A002547FF /* Y Timetable */;
			targetProxy = CF7725802D946E25002547FF /* PBXContainerItemProxy */;
		};
		CF77258B2D946E25002547FF /* PBXTargetDependency */ = {
			isa = PBXTargetDependency;
			target = CF77256E2D946E1A002547FF /* Y Timetable */;
			targetProxy = CF77258A2D946E25002547FF /* PBXContainerItemProxy */;
		};
/* End PBXTargetDependency section */

/* Begin XCBuildConfiguration section */
		CF7725912D946E25002547FF /* Debug */ = {
			isa = XCBuildConfiguration;
			buildSettings = {
				ALWAYS_SEARCH_USER_PATHS = NO;
				ASSETCATALOG_COMPILER_GENERATE_SWIFT_ASSET_SYMBOL_EXTENSIONS = YES;
				CLANG_ANALYZER_NONNULL = YES;
				CLANG_ANALYZER_NUMBER_OBJECT_CONVERSION = YES_AGGRESSIVE;
				CLANG_CXX_LANGUAGE_STANDARD = "gnu++20";
				CLANG_ENABLE_MODULES = YES;
				CLANG_ENABLE_OBJC_ARC = YES;
				CLANG_ENABLE_OBJC_WEAK = YES;
				CLANG_WARN_BLOCK_CAPTURE_AUTORELEASING = YES;
				CLANG_WARN_BOOL_CONVERSION = YES;
				CLANG_WARN_COMMA = YES;
				CLANG_WARN_CONSTANT_CONVERSION = YES;
				CLANG_WARN_DEPRECATED_OBJC_IMPLEMENTATIONS = YES;
				CLANG_WARN_DIRECT_OBJC_ISA_USAGE = YES_ERROR;
				CLANG_WARN_DOCUMENTATION_COMMENTS = YES;
				CLANG_WARN_EMPTY_BODY = YES;
				CLANG_WARN_ENUM_CONVERSION = YES;
				CLANG_WARN_INFINITE_RECURSION = YES;
				CLANG_WARN_INT_CONVERSION = YES;
				CLANG_WARN_NON_LITERAL_NULL_CONVERSION = YES;
				CLANG_WARN_OBJC_IMPLICIT_RETAIN_SELF = YES;
				CLANG_WARN_OBJC_LITERAL_CONVERSION = YES;
				CLANG_WARN_OBJC_ROOT_CLASS = YES_ERROR;
				CLANG_WARN_QUOTED_INCLUDE_IN_FRAMEWORK_HEADER = YES;
				CLANG_WARN_RANGE_LOOP_ANALYSIS = YES;
				CLANG_WARN_STRICT_PROTOTYPES = YES;
				CLANG_WARN_SUSPICIOUS_MOVE = YES;
				CLANG_WARN_UNGUARDED_AVAILABILITY = YES_AGGRESSIVE;
				CLANG_WARN_UNREACHABLE_CODE = YES;
				CLANG_WARN__DUPLICATE_METHOD_MATCH = YES;
				COPY_PHASE_STRIP = NO;
				DEBUG_INFORMATION_FORMAT = dwarf;
				ENABLE_STRICT_OBJC_MSGSEND = YES;
				ENABLE_TESTABILITY = YES;
				ENABLE_USER_SCRIPT_SANDBOXING = YES;
				GCC_C_LANGUAGE_STANDARD = gnu17;
				GCC_DYNAMIC_NO_PIC = NO;
				GCC_NO_COMMON_BLOCKS = YES;
				GCC_OPTIMIZATION_LEVEL = 0;
				GCC_PREPROCESSOR_DEFINITIONS = (
					"DEBUG=1",
					"$(inherited)",
				);
				GCC_WARN_64_TO_32_BIT_CONVERSION = YES;
				GCC_WARN_ABOUT_RETURN_TYPE = YES_ERROR;
				GCC_WARN_UNDECLARED_SELECTOR = YES;
				GCC_WARN_UNINITIALIZED_AUTOS = YES_AGGRESSIVE;
				GCC_WARN_UNUSED_FUNCTION = YES;
				GCC_WARN_UNUSED_VARIABLE = YES;
				IPHONEOS_DEPLOYMENT_TARGET = 18.1;
				LOCALIZATION_PREFERS_STRING_CATALOGS = YES;
				MTL_ENABLE_DEBUG_INFO = INCLUDE_SOURCE;
				MTL_FAST_MATH = YES;
				ONLY_ACTIVE_ARCH = YES;
				SDKROOT = iphoneos;
				SWIFT_ACTIVE_COMPILATION_CONDITIONS = "DEBUG $(inherited)";
				SWIFT_OPTIMIZATION_LEVEL = "-Onone";
			};
			name = Debug;
		};
		CF7725922D946E25002547FF /* Release */ = {
			isa = XCBuildConfiguration;
			buildSettings = {
				ALWAYS_SEARCH_USER_PATHS = NO;
				ASSETCATALOG_COMPILER_GENERATE_SWIFT_ASSET_SYMBOL_EXTENSIONS = YES;
				CLANG_ANALYZER_NONNULL = YES;
				CLANG_ANALYZER_NUMBER_OBJECT_CONVERSION = YES_AGGRESSIVE;
				CLANG_CXX_LANGUAGE_STANDARD = "gnu++20";
				CLANG_ENABLE_MODULES = YES;
				CLANG_ENABLE_OBJC_ARC = YES;
				CLANG_ENABLE_OBJC_WEAK = YES;
				CLANG_WARN_BLOCK_CAPTURE_AUTORELEASING = YES;
				CLANG_WARN_BOOL_CONVERSION = YES;
				CLANG_WARN_COMMA = YES;
				CLANG_WARN_CONSTANT_CONVERSION = YES;
				CLANG_WARN_DEPRECATED_OBJC_IMPLEMENTATIONS = YES;
				CLANG_WARN_DIRECT_OBJC_ISA_USAGE = YES_ERROR;
				CLANG_WARN_DOCUMENTATION_COMMENTS = YES;
				CLANG_WARN_EMPTY_BODY = YES;
				CLANG_WARN_ENUM_CONVERSION = YES;
				CLANG_WARN_INFINITE_RECURSION = YES;
				CLANG_WARN_INT_CONVERSION = YES;
				CLANG_WARN_NON_LITERAL_NULL_CONVERSION = YES;
				CLANG_WARN_OBJC_IMPLICIT_RETAIN_SELF = YES;
				CLANG_WARN_OBJC_LITERAL_CONVERSION = YES;
				CLANG_WARN_OBJC_ROOT_CLASS = YES_ERROR;
				CLANG_WARN_QUOTED_INCLUDE_IN_FRAMEWORK_HEADER = YES;
				CLANG_WARN_RANGE_LOOP_ANALYSIS = YES;
				CLANG_WARN_STRICT_PROTOTYPES = YES;
				CLANG_WARN_SUSPICIOUS_MOVE = YES;
				CLANG_WARN_UNGUARDED_AVAILABILITY = YES_AGGRESSIVE;
				CLANG_WARN_UNREACHABLE_CODE = YES;
				CLANG_WARN__DUPLICATE_METHOD_MATCH = YES;
				COPY_PHASE_STRIP = NO;
				DEBUG_INFORMATION_FORMAT = "dwarf-with-dsym";
				ENABLE_NS_ASSERTIONS = NO;
				ENABLE_STRICT_OBJC_MSGSEND = YES;
				ENABLE_USER_SCRIPT_SANDBOXING = YES;
				GCC_C_LANGUAGE_STANDARD = gnu17;
				GCC_NO_COMMON_BLOCKS = YES;
				GCC_WARN_64_TO_32_BIT_CONVERSION = YES;
				GCC_WARN_ABOUT_RETURN_TYPE = YES_ERROR;
				GCC_WARN_UNDECLARED_SELECTOR = YES;
				GCC_WARN_UNINITIALIZED_AUTOS = YES_AGGRESSIVE;
				GCC_WARN_UNUSED_FUNCTION = YES;
				GCC_WARN_UNUSED_VARIABLE = YES;
				IPHONEOS_DEPLOYMENT_TARGET = 18.1;
				LOCALIZATION_PREFERS_STRING_CATALOGS = YES;
				MTL_ENABLE_DEBUG_INFO = NO;
				MTL_FAST_MATH = YES;
				SDKROOT = iphoneos;
				SWIFT_COMPILATION_MODE = wholemodule;
				VALIDATE_PRODUCT = YES;
			};
			name = Release;
		};
		CF7725942D946E25002547FF /* Debug */ = {
			isa = XCBuildConfiguration;
			buildSettings = {
				ASSETCATALOG_COMPILER_APPICON_NAME = AppIcon;
				ASSETCATALOG_COMPILER_GLOBAL_ACCENT_COLOR_NAME = AccentColor;
				CODE_SIGN_STYLE = Automatic;
				CURRENT_PROJECT_VERSION = 1;
				DEVELOPMENT_ASSET_PATHS = "\"Y Timetable/Preview Content\"";
				ENABLE_PREVIEWS = YES;
				GENERATE_INFOPLIST_FILE = YES;
				INFOPLIST_KEY_UIApplicationSceneManifest_Generation = YES;
				INFOPLIST_KEY_UIApplicationSupportsIndirectInputEvents = YES;
				INFOPLIST_KEY_UILaunchScreen_Generation = YES;
				INFOPLIST_KEY_UISupportedInterfaceOrientations_iPad = "UIInterfaceOrientationPortrait UIInterfaceOrientationPortraitUpsideDown UIInterfaceOrientationLandscapeLeft UIInterfaceOrientationLandscapeRight";
				INFOPLIST_KEY_UISupportedInterfaceOrientations_iPhone = "UIInterfaceOrientationPortrait UIInterfaceOrientationLandscapeLeft UIInterfaceOrientationLandscapeRight";
				LD_RUNPATH_SEARCH_PATHS = (
					"$(inherited)",
					"@executable_path/Frameworks",
				);
				MARKETING_VERSION = 1.0;
				PRODUCT_BUNDLE_IDENTIFIER = "yuchi.com.Y-Timetable";
				PRODUCT_NAME = "$(TARGET_NAME)";
				SWIFT_EMIT_LOC_STRINGS = YES;
				SWIFT_VERSION = 5.0;
				TARGETED_DEVICE_FAMILY = "1,2";
			};
			name = Debug;
		};
		CF7725952D946E25002547FF /* Release */ = {
			isa = XCBuildConfiguration;
			buildSettings = {
				ASSETCATALOG_COMPILER_APPICON_NAME = AppIcon;
				ASSETCATALOG_COMPILER_GLOBAL_ACCENT_COLOR_NAME = AccentColor;
				CODE_SIGN_STYLE = Automatic;
				CURRENT_PROJECT_VERSION = 1;
				DEVELOPMENT_ASSET_PATHS = "\"Y Timetable/Preview Content\"";
				ENABLE_PREVIEWS = YES;
				GENERATE_INFOPLIST_FILE = YES;
				INFOPLIST_KEY_UIApplicationSceneManifest_Generation = YES;
				INFOPLIST_KEY_UIApplicationSupportsIndirectInputEvents = YES;
				INFOPLIST_KEY_UILaunchScreen_Generation = YES;
				INFOPLIST_KEY_UISupportedInterfaceOrientations_iPad = "UIInterfaceOrientationPortrait UIInterfaceOrientationPortraitUpsideDown UIInterfaceOrientationLandscapeLeft UIInterfaceOrientationLandscapeRight";
				INFOPLIST_KEY_UISupportedInterfaceOrientations_iPhone = "UIInterfaceOrientationPortrait UIInterfaceOrientationLandscapeLeft UIInterfaceOrientationLandscapeRight";
				LD_RUNPATH_SEARCH_PATHS = (
					"$(inherited)",
					"@executable_path/Frameworks",
				);
				MARKETING_VERSION = 1.0;
				PRODUCT_BUNDLE_IDENTIFIER = "yuchi.com.Y-Timetable";
				PRODUCT_NAME = "$(TARGET_NAME)";
				SWIFT_EMIT_LOC_STRINGS = YES;
				SWIFT_VERSION = 5.0;
				TARGETED_DEVICE_FAMILY = "1,2";
			};
			name = Release;
		};
		CF7725972D946E25002547FF /* Debug */ = {
			isa = XCBuildConfiguration;
			buildSettings = {
				BUNDLE_LOADER = "$(TEST_HOST)";
				CODE_SIGN_STYLE = Automatic;
				CURRENT_PROJECT_VERSION = 1;
				GENERATE_INFOPLIST_FILE = YES;
				IPHONEOS_DEPLOYMENT_TARGET = 18.1;
				MARKETING_VERSION = 1.0;
				PRODUCT_BUNDLE_IDENTIFIER = "yuchi.com.Y-TimetableTests";
				PRODUCT_NAME = "$(TARGET_NAME)";
				SWIFT_EMIT_LOC_STRINGS = NO;
				SWIFT_VERSION = 5.0;
				TARGETED_DEVICE_FAMILY = "1,2";
				TEST_HOST = "$(BUILT_PRODUCTS_DIR)/Y Timetable.app/$(BUNDLE_EXECUTABLE_FOLDER_PATH)/Y Timetable";
			};
			name = Debug;
		};
		CF7725982D946E25002547FF /* Release */ = {
			isa = XCBuildConfiguration;
			buildSettings = {
				BUNDLE_LOADER = "$(TEST_HOST)";
				CODE_SIGN_STYLE = Automatic;
				CURRENT_PROJECT_VERSION = 1;
				GENERATE_INFOPLIST_FILE = YES;
				IPHONEOS_DEPLOYMENT_TARGET = 18.1;
				MARKETING_VERSION = 1.0;
				PRODUCT_BUNDLE_IDENTIFIER = "yuchi.com.Y-TimetableTests";
				PRODUCT_NAME = "$(TARGET_NAME)";
				SWIFT_EMIT_LOC_STRINGS = NO;
				SWIFT_VERSION = 5.0;
				TARGETED_DEVICE_FAMILY = "1,2";
				TEST_HOST = "$(BUILT_PRODUCTS_DIR)/Y Timetable.app/$(BUNDLE_EXECUTABLE_FOLDER_PATH)/Y Timetable";
			};
			name = Release;
		};
		CF77259A2D946E25002547FF /* Debug */ = {
			isa = XCBuildConfiguration;
			buildSettings = {
				CODE_SIGN_STYLE = Automatic;
				CURRENT_PROJECT_VERSION = 1;
				GENERATE_INFOPLIST_FILE = YES;
				MARKETING_VERSION = 1.0;
				PRODUCT_BUNDLE_IDENTIFIER = "yuchi.com.Y-TimetableUITests";
				PRODUCT_NAME = "$(TARGET_NAME)";
				SWIFT_EMIT_LOC_STRINGS = NO;
				SWIFT_VERSION = 5.0;
				TARGETED_DEVICE_FAMILY = "1,2";
				TEST_TARGET_NAME = "Y Timetable";
			};
			name = Debug;
		};
		CF77259B2D946E25002547FF /* Release */ = {
			isa = XCBuildConfiguration;
			buildSettings = {
				CODE_SIGN_STYLE = Automatic;
				CURRENT_PROJECT_VERSION = 1;
				GENERATE_INFOPLIST_FILE = YES;
				MARKETING_VERSION = 1.0;
				PRODUCT_BUNDLE_IDENTIFIER = "yuchi.com.Y-TimetableUITests";
				PRODUCT_NAME = "$(TARGET_NAME)";
				SWIFT_EMIT_LOC_STRINGS = NO;
				SWIFT_VERSION = 5.0;
				TARGETED_DEVICE_FAMILY = "1,2";
				TEST_TARGET_NAME = "Y Timetable";
			};
			name = Release;
		};
/* End XCBuildConfiguration section */

/* Begin XCConfigurationList section */
		CF77256A2D946E1A002547FF /* Build configuration list for PBXProject "Y Timetable" */ = {
			isa = XCConfigurationList;
			buildConfigurations = (
				CF7725912D946E25002547FF /* Debug */,
				CF7725922D946E25002547FF /* Release */,
			);
			defaultConfigurationIsVisible = 0;
			defaultConfigurationName = Release;
		};
		CF7725932D946E25002547FF /* Build configuration list for PBXNativeTarget "Y Timetable" */ = {
			isa = XCConfigurationList;
			buildConfigurations = (
				CF7725942D946E25002547FF /* Debug */,
				CF7725952D946E25002547FF /* Release */,
			);
			defaultConfigurationIsVisible = 0;
			defaultConfigurationName = Release;
		};
		CF7725962D946E25002547FF /* Build configuration list for PBXNativeTarget "Y TimetableTests" */ = {
			isa = XCConfigurationList;
			buildConfigurations = (
				CF7725972D946E25002547FF /* Debug */,
				CF7725982D946E25002547FF /* Release */,
			);
			defaultConfigurationIsVisible = 0;
			defaultConfigurationName = Release;
		};
		CF7725992D946E25002547FF /* Build configuration list for PBXNativeTarget "Y TimetableUITests" */ = {
			isa = XCConfigurationList;
			buildConfigurations = (
				CF77259A2D946E25002547FF /* Debug */,
				CF77259B2D946E25002547FF /* Release */,
			);
			defaultConfigurationIsVisible = 0;
			defaultConfigurationName = Release;
		};
/* End XCConfigurationList section */
	};
	rootObject = CF7725672D946E1A002547FF /* Project object */;
}
